PODS:
  - NextLevelSessionExporter (0.4.5)

DEPENDENCIES:
  - NextLevelSessionExporter

SPEC REPOS:
  trunk:
    - NextLevelSessionExporter

SPEC CHECKSUMS:
  NextLevelSessionExporter: 9abd19742084fc9563f644b21e0f994339338d4e

PODFILE CHECKSUM: ac9da99a33b8ca29b1381225ce22dc65bfdee3ec

COCOAPODS: 1.9.3
